{
  "name": "@dustjs/client-automaton",
  "version": "0.1.0",
  "lockfileVersion": 2,
  "requires": true,
  "packages": {
    "": {
      "name": "@dustjs/client-automaton",
      "version": "0.1.0",
      "license": "MIT",
      "dependencies": {
        "@dustjs/skylink": "^0.3.5"
      }
    },
    "node_modules/@dustjs/skylink": {
      "version": "0.3.5",
      "resolved": "https://registry.npmjs.org/@dustjs/skylink/-/skylink-0.3.5.tgz",
      "integrity": "sha512-DkiosDMBYEuMjugWpf+MdZf77/g+LnDHF36ENzdlEhZI1IC6XLgYzNwk2m0m5jyUxQVGo8U6F1AYzhKps5qcrA==",
      "dependencies": {
        "node-fetch": "^2.6.0",
        "ws": "^7.2.3"
      }
    },
    "node_modules/node-fetch": {
      "version": "2.6.1",
      "resolved": "https://registry.npmjs.org/node-fetch/-/node-fetch-2.6.1.tgz",
      "integrity": "sha512-V4aYg89jEoVRxRb2fJdAg8FHvI7cEyYdVAh94HH0UIK8oJxUfkjlDQN9RbMx+bEjP7+ggMiFRprSti032Oipxw==",
      "engines": {
        "node": "4.x || >=6.0.0"
      }
    },
    "node_modules/ws": {
      "version": "7.3.0",
      "resolved": "https://registry.npmjs.org/ws/-/ws-7.3.0.tgz",
      "integrity": "sha512-iFtXzngZVXPGgpTlP1rBqsUK82p9tKqsWRPg5L56egiljujJT3vGAYnHANvFxBieXrTFavhzhxW52jnaWV+w2w==",
      "engines": {
        "node": ">=8.3.0"
      }
    }
  },
  "dependencies": {
    "@dustjs/skylink": {
      "version": "0.3.5",
      "resolved": "https://registry.npmjs.org/@dustjs/skylink/-/skylink-0.3.5.tgz",
      "integrity": "sha512-DkiosDMBYEuMjugWpf+MdZf77/g+LnDHF36ENzdlEhZI1IC6XLgYzNwk2m0m5jyUxQVGo8U6F1AYzhKps5qcrA==",
      "requires": {
        "node-fetch": "^2.6.0",
        "ws": "^7.2.3"
      }
    },
    "node-fetch": {
      "version": "2.6.1",
      "resolved": "https://registry.npmjs.org/node-fetch/-/node-fetch-2.6.1.tgz",
      "integrity": "sha512-V4aYg89jEoVRxRb2fJdAg8FHvI7cEyYdVAh94HH0UIK8oJxUfkjlDQN9RbMx+bEjP7+ggMiFRprSti032Oipxw=="
    },
    "ws": {
      "version": "7.3.0",
      "resolved": "https://registry.npmjs.org/ws/-/ws-7.3.0.tgz",
      "integrity": "sha512-iFtXzngZVXPGgpTlP1rBqsUK82p9tKqsWRPg5L56egiljujJT3vGAYnHANvFxBieXrTFavhzhxW52jnaWV+w2w=="
    }
  }
}
